
Microsoft Visual Studio Solution File, Format Version 9.00
# Visual Studio 2005
Project("{FAE04EC0-301F-11D3-BF4B-00C04F79EFBC}") = "Mahjong.Core", "Mahjong.Core\Mahjong.Core.csproj", "{5F828F0C-367C-4E8D-81C7-7A188FEF8321}"
EndProject
Project("{FAE04EC0-301F-11D3-BF4B-00C04F79EFBC}") = "Mahjong.Plugin.Referee", "Mahjong.Plugin\Mahjong.Plugin.Referee.csproj", "{CAC57BA1-C723-44BA-95AB-3A05EB3B1D68}"
EndProject
Project("{FAE04EC0-301F-11D3-BF4B-00C04F79EFBC}") = "Mahjong.Referee.HongKong", "Mahjong.Plugin.HongKong\Mahjong.Referee.HongKong.csproj", "{9A61DB9D-F65A-4DAD-B051-32297E7B89DB}"
	ProjectSection(ProjectDependencies) = postProject
		{5F828F0C-367C-4E8D-81C7-7A188FEF8321} = {5F828F0C-367C-4E8D-81C7-7A188FEF8321}
		{CAC57BA1-C723-44BA-95AB-3A05EB3B1D68} = {CAC57BA1-C723-44BA-95AB-3A05EB3B1D68}
	EndProjectSection
EndProject
Project("{FAE04EC0-301F-11D3-BF4B-00C04F79EFBC}") = "Mahjong.Client", "Mahjong.Client\Mahjong.Client.csproj", "{99FE8124-AEF5-48A8-A8A3-72B53EFE3B41}"
EndProject
Project("{FAE04EC0-301F-11D3-BF4B-00C04F79EFBC}") = "Mahjong.Plugin.Player", "Mahjong.Plugin.Player\Mahjong.Plugin.Player.csproj", "{9F0B852E-33B0-4A06-AFFD-3C6A94A5D978}"
EndProject
Project("{FAE04EC0-301F-11D3-BF4B-00C04F79EFBC}") = "Lidgren.Library.Network", "Mahjong.Library.Network\Lidgren.Library.Network.csproj", "{D4592CBE-B347-4770-989A-D6FA47C5B191}"
EndProject
Project("{FAE04EC0-301F-11D3-BF4B-00C04F79EFBC}") = "Mahjong.Server", "Mahjong.Server\Mahjong.Server.csproj", "{A6C8F4E2-50A4-42AD-B708-C404D6B1CBF1}"
EndProject
Project("{FAE04EC0-301F-11D3-BF4B-00C04F79EFBC}") = "Mahjong.Client.Console", "Mahjong.Client.Console\Mahjong.Client.Console.csproj", "{BF5F309C-96D5-4FAE-9BB6-C3BDCB71F69B}"
EndProject
Project("{FAE04EC0-301F-11D3-BF4B-00C04F79EFBC}") = "Mahjong.Referee.HongKong.Test", "Mahjong.Referee.HongKong.Test\Mahjong.Referee.HongKong.Test.csproj", "{C6AE8E4D-82AA-401D-9005-0CFC3C2973B6}"
EndProject
Global
	GlobalSection(SolutionConfigurationPlatforms) = preSolution
		Debug|Any CPU = Debug|Any CPU
		Debug|x86 = Debug|x86
		Release|Any CPU = Release|Any CPU
		Release|x86 = Release|x86
	EndGlobalSection
	GlobalSection(ProjectConfigurationPlatforms) = postSolution
		{5F828F0C-367C-4E8D-81C7-7A188FEF8321}.Debug|Any CPU.ActiveCfg = Debug|Any CPU
		{5F828F0C-367C-4E8D-81C7-7A188FEF8321}.Debug|Any CPU.Build.0 = Debug|Any CPU
		{5F828F0C-367C-4E8D-81C7-7A188FEF8321}.Debug|x86.ActiveCfg = Debug|Any CPU
		{5F828F0C-367C-4E8D-81C7-7A188FEF8321}.Release|Any CPU.ActiveCfg = Release|Any CPU
		{5F828F0C-367C-4E8D-81C7-7A188FEF8321}.Release|Any CPU.Build.0 = Release|Any CPU
		{5F828F0C-367C-4E8D-81C7-7A188FEF8321}.Release|x86.ActiveCfg = Release|Any CPU
		{CAC57BA1-C723-44BA-95AB-3A05EB3B1D68}.Debug|Any CPU.ActiveCfg = Debug|Any CPU
		{CAC57BA1-C723-44BA-95AB-3A05EB3B1D68}.Debug|Any CPU.Build.0 = Debug|Any CPU
		{CAC57BA1-C723-44BA-95AB-3A05EB3B1D68}.Debug|x86.ActiveCfg = Debug|Any CPU
		{CAC57BA1-C723-44BA-95AB-3A05EB3B1D68}.Release|Any CPU.ActiveCfg = Release|Any CPU
		{CAC57BA1-C723-44BA-95AB-3A05EB3B1D68}.Release|Any CPU.Build.0 = Release|Any CPU
		{CAC57BA1-C723-44BA-95AB-3A05EB3B1D68}.Release|x86.ActiveCfg = Release|Any CPU
		{9A61DB9D-F65A-4DAD-B051-32297E7B89DB}.Debug|Any CPU.ActiveCfg = Debug|Any CPU
		{9A61DB9D-F65A-4DAD-B051-32297E7B89DB}.Debug|Any CPU.Build.0 = Debug|Any CPU
		{9A61DB9D-F65A-4DAD-B051-32297E7B89DB}.Debug|x86.ActiveCfg = Debug|Any CPU
		{9A61DB9D-F65A-4DAD-B051-32297E7B89DB}.Release|Any CPU.ActiveCfg = Release|Any CPU
		{9A61DB9D-F65A-4DAD-B051-32297E7B89DB}.Release|Any CPU.Build.0 = Release|Any CPU
		{9A61DB9D-F65A-4DAD-B051-32297E7B89DB}.Release|x86.ActiveCfg = Release|Any CPU
		{99FE8124-AEF5-48A8-A8A3-72B53EFE3B41}.Debug|Any CPU.ActiveCfg = Debug|Any CPU
		{99FE8124-AEF5-48A8-A8A3-72B53EFE3B41}.Debug|Any CPU.Build.0 = Debug|Any CPU
		{99FE8124-AEF5-48A8-A8A3-72B53EFE3B41}.Debug|x86.ActiveCfg = Debug|Any CPU
		{99FE8124-AEF5-48A8-A8A3-72B53EFE3B41}.Release|Any CPU.ActiveCfg = Release|Any CPU
		{99FE8124-AEF5-48A8-A8A3-72B53EFE3B41}.Release|Any CPU.Build.0 = Release|Any CPU
		{99FE8124-AEF5-48A8-A8A3-72B53EFE3B41}.Release|x86.ActiveCfg = Release|Any CPU
		{9F0B852E-33B0-4A06-AFFD-3C6A94A5D978}.Debug|Any CPU.ActiveCfg = Debug|Any CPU
		{9F0B852E-33B0-4A06-AFFD-3C6A94A5D978}.Debug|Any CPU.Build.0 = Debug|Any CPU
		{9F0B852E-33B0-4A06-AFFD-3C6A94A5D978}.Debug|x86.ActiveCfg = Debug|Any CPU
		{9F0B852E-33B0-4A06-AFFD-3C6A94A5D978}.Release|Any CPU.ActiveCfg = Release|Any CPU
		{9F0B852E-33B0-4A06-AFFD-3C6A94A5D978}.Release|Any CPU.Build.0 = Release|Any CPU
		{9F0B852E-33B0-4A06-AFFD-3C6A94A5D978}.Release|x86.ActiveCfg = Release|Any CPU
		{D4592CBE-B347-4770-989A-D6FA47C5B191}.Debug|Any CPU.ActiveCfg = Debug|Any CPU
		{D4592CBE-B347-4770-989A-D6FA47C5B191}.Debug|Any CPU.Build.0 = Debug|Any CPU
		{D4592CBE-B347-4770-989A-D6FA47C5B191}.Debug|x86.ActiveCfg = Debug|x86
		{D4592CBE-B347-4770-989A-D6FA47C5B191}.Debug|x86.Build.0 = Debug|x86
		{D4592CBE-B347-4770-989A-D6FA47C5B191}.Release|Any CPU.ActiveCfg = Release|Any CPU
		{D4592CBE-B347-4770-989A-D6FA47C5B191}.Release|Any CPU.Build.0 = Release|Any CPU
		{D4592CBE-B347-4770-989A-D6FA47C5B191}.Release|x86.ActiveCfg = Release|x86
		{D4592CBE-B347-4770-989A-D6FA47C5B191}.Release|x86.Build.0 = Release|x86
		{A6C8F4E2-50A4-42AD-B708-C404D6B1CBF1}.Debug|Any CPU.ActiveCfg = Debug|Any CPU
		{A6C8F4E2-50A4-42AD-B708-C404D6B1CBF1}.Debug|Any CPU.Build.0 = Debug|Any CPU
		{A6C8F4E2-50A4-42AD-B708-C404D6B1CBF1}.Debug|x86.ActiveCfg = Debug|Any CPU
		{A6C8F4E2-50A4-42AD-B708-C404D6B1CBF1}.Release|Any CPU.ActiveCfg = Release|Any CPU
		{A6C8F4E2-50A4-42AD-B708-C404D6B1CBF1}.Release|Any CPU.Build.0 = Release|Any CPU
		{A6C8F4E2-50A4-42AD-B708-C404D6B1CBF1}.Release|x86.ActiveCfg = Release|Any CPU
		{BF5F309C-96D5-4FAE-9BB6-C3BDCB71F69B}.Debug|Any CPU.ActiveCfg = Debug|Any CPU
		{BF5F309C-96D5-4FAE-9BB6-C3BDCB71F69B}.Debug|Any CPU.Build.0 = Debug|Any CPU
		{BF5F309C-96D5-4FAE-9BB6-C3BDCB71F69B}.Debug|x86.ActiveCfg = Debug|Any CPU
		{BF5F309C-96D5-4FAE-9BB6-C3BDCB71F69B}.Release|Any CPU.ActiveCfg = Release|Any CPU
		{BF5F309C-96D5-4FAE-9BB6-C3BDCB71F69B}.Release|Any CPU.Build.0 = Release|Any CPU
		{BF5F309C-96D5-4FAE-9BB6-C3BDCB71F69B}.Release|x86.ActiveCfg = Release|Any CPU
		{C6AE8E4D-82AA-401D-9005-0CFC3C2973B6}.Debug|Any CPU.ActiveCfg = Debug|Any CPU
		{C6AE8E4D-82AA-401D-9005-0CFC3C2973B6}.Debug|Any CPU.Build.0 = Debug|Any CPU
		{C6AE8E4D-82AA-401D-9005-0CFC3C2973B6}.Debug|x86.ActiveCfg = Debug|Any CPU
		{C6AE8E4D-82AA-401D-9005-0CFC3C2973B6}.Release|Any CPU.ActiveCfg = Release|Any CPU
		{C6AE8E4D-82AA-401D-9005-0CFC3C2973B6}.Release|Any CPU.Build.0 = Release|Any CPU
		{C6AE8E4D-82AA-401D-9005-0CFC3C2973B6}.Release|x86.ActiveCfg = Release|Any CPU
	EndGlobalSection
	GlobalSection(SolutionProperties) = preSolution
		HideSolutionNode = FALSE
	EndGlobalSection
EndGlobal
